{"catalogDigest":"sha256:d5f3e70d720275895b512e9ec5a8fc52ad6f35f96497249d6d3df27ccfad1e94","edition":"v0","extensions":[],"irDigest":"sha256:34a2b9649fb13355a31d9f3580f59f0d0e3ee24ec33ab58ce8aa93833590f69a","name":"multi-unit","root":"main.mint","schema":"mint.lock/v0","units":[{"digest":"sha256:8578284487ad6ec935d3e4944d31516f2c0c3330455a9034fcb15984d21ed457","path":"lib.mint"},{"digest":"sha256:20a5ef6fef1b11ad37eac60134bd9801f36917a82c64d346ae96299760e3a6e6","path":"main.mint"}]}
