{"catalogDigest":"sha256:d5f3e70d720275895b512e9ec5a8fc52ad6f35f96497249d6d3df27ccfad1e94","edition":"v0","extensions":[],"irDigest":"sha256:964922c7dac2bc9e148aab00d45f91891381c8f6b57868458318f7d87e548f4c","name":"repository-governance","root":"main.mint","schema":"mint.lock/v0","units":[{"digest":"sha256:ece9da178a27d28b2d2c99c1844eb9015181c3120af3a697b8810d8c33d3fe8d","path":"main.mint"}]}
