{"catalogDigest":"sha256:d5f3e70d720275895b512e9ec5a8fc52ad6f35f96497249d6d3df27ccfad1e94","edition":"v0","extensions":[],"irDigest":"sha256:471568eaa30a427f313857234e5a01755c5ec26205870e1764b7323d85d53ea7","name":"cross-platform","root":"main.mint","schema":"mint.lock/v0","units":[{"digest":"sha256:d25b1762226dab5c0182b8febc5b0f0db66f3d9af719bf5c4cc35e10747b7fd4","path":"main.mint"}]}
