{"catalogDigest":"sha256:d5f3e70d720275895b512e9ec5a8fc52ad6f35f96497249d6d3df27ccfad1e94","edition":"v0","extensions":[{"digest":"sha256:098b201374da2e136a5616918070b49d0e390080953cfac731285306df98f67f","namespace":"ext.sample","version":"v1alpha1"}],"irDigest":"sha256:6d05a8e9c470725967d088ca98fd7f1b20adb879467770eaefa098b98e4641ca","name":"extensions","root":"main.mint","schema":"mint.lock/v0","units":[{"digest":"sha256:ecca5911ce98bb3629500b7ee583142570cb8f99958533d867eed043b5b232af","path":"main.mint"}]}
