{"catalogDigest":"sha256:d5f3e70d720275895b512e9ec5a8fc52ad6f35f96497249d6d3df27ccfad1e94","edition":"v0","extensions":[],"irDigest":"sha256:6ad415845e1513783307cbfd4a7b0db427a6b4ca36cfaaaf15ed44589502a053","name":"repository-managed-file","root":"main.mint","schema":"mint.lock/v0","units":[{"digest":"sha256:b542deac01b71bc18a9d33823a75b83b2288459fe63a2c1703c772372fb4ee1a","path":"main.mint"}]}
