{"catalogDigest":"sha256:d5f3e70d720275895b512e9ec5a8fc52ad6f35f96497249d6d3df27ccfad1e94","edition":"v0","extensions":[],"irDigest":"sha256:6a15a162b75ada4a24e2e6dfeaf499d71572134b47fa41cfb3880f703434d6b5","name":"repave-platform-repo","root":"main.mint","schema":"mint.lock/v0","units":[{"digest":"sha256:01b479814fda62cfeb763bd1d794c8a3bc8e3a2094c84bfcebc2adfab22de867","path":"main.mint"}]}
